<?xml version="1.0" encoding="utf-8"?>
<Project ToolsVersion="4.0" xmlns="http://schemas.microsoft.com/developer/msbuild/2003">
  <ItemGroup>
    <Filter Include="Source Files">
      <UniqueIdentifier>{4FC737F1-C7A5-4376-A066-2A32D752A2FF}</UniqueIdentifier>
      <Extensions>cpp;c;cc;cxx;def;odl;idl;hpj;bat;asm;asmx</Extensions>
    </Filter>
    <Filter Include="Header Files">
      <UniqueIdentifier>{93995380-89BD-4b04-88EB-625FBE52EBFB}</UniqueIdentifier>
      <Extensions>h;hh;hpp;hxx;hm;inl;inc;xsd</Extensions>
    </Filter>
    <Filter Include="Resource Files">
      <UniqueIdentifier>{67DA6AB6-F800-4c08-8B7A-83BB121AAD01}</UniqueIdentifier>
      <Extensions>rc;ico;cur;bmp;dlg;rc2;rct;bin;rgs;gif;jpg;jpeg;jpe;resx;tiff;tif;png;wav;mfcribbon-ms</Extensions>
    </Filter>
    <Filter Include="Shader Files">
      <UniqueIdentifier>{3437d314-ca8a-4f00-9b9b-3a6107daef78}</UniqueIdentifier>
    </Filter>
    <Filter Include="Shader Files\Advanced">
      <UniqueIdentifier>{8bc9d69e-28f3-4ca5-bd62-80dac0597c9c}</UniqueIdentifier>
    </Filter>
    <Filter Include="Shader Files\instancing">
      <UniqueIdentifier>{babaf66d-0456-45be-8285-b8f55fb6bf28}</UniqueIdentifier>
    </Filter>
  </ItemGroup>
  <ItemGroup>
    <ClCompile Include="OpenGL.cpp">
      <Filter>Source Files</Filter>
    </ClCompile>
  </ItemGroup>
  <ItemGroup>
    <ClInclude Include="Shader.h">
      <Filter>Header Files</Filter>
    </ClInclude>
    <ClInclude Include="Camera.h">
      <Filter>Header Files</Filter>
    </ClInclude>
    <ClInclude Include="Mesh.h">
      <Filter>Header Files</Filter>
    </ClInclude>
    <ClInclude Include="Model.h">
      <Filter>Header Files</Filter>
    </ClInclude>
  </ItemGroup>
  <ItemGroup>
    <None Include="Shader.vs">
      <Filter>Shader Files</Filter>
    </None>
    <None Include="Shader.fs">
      <Filter>Shader Files</Filter>
    </None>
    <None Include="lighting.frag">
      <Filter>Shader Files</Filter>
    </None>
    <None Include="lighting.vs">
      <Filter>Shader Files</Filter>
    </None>
    <None Include="lamp.vs">
      <Filter>Shader Files</Filter>
    </None>
    <None Include="lamp.frag">
      <Filter>Shader Files</Filter>
    </None>
    <None Include="model_loading.frag">
      <Filter>Shader Files</Filter>
    </None>
    <None Include="model_loading.vs">
      <Filter>Shader Files</Filter>
    </None>
    <None Include="singleColor.fs">
      <Filter>Shader Files</Filter>
    </None>
    <None Include="screen.frag">
      <Filter>Shader Files</Filter>
    </None>
    <None Include="screen.vs">
      <Filter>Shader Files</Filter>
    </None>
    <None Include="skyBox.frag">
      <Filter>Shader Files</Filter>
    </None>
    <None Include="skyBox.vs">
      <Filter>Shader Files</Filter>
    </None>
    <None Include="Advanced\advanced.vs">
      <Filter>Shader Files\Advanced</Filter>
    </None>
    <None Include="Advanced\ubo_red.frag">
      <Filter>Shader Files\Advanced</Filter>
    </None>
    <None Include="Advanced\ubo_blue.frag">
      <Filter>Shader Files\Advanced</Filter>
    </None>
    <None Include="Advanced\ubo_green.frag">
      <Filter>Shader Files\Advanced</Filter>
    </None>
    <None Include="Advanced\ubo_yellow.frag">
      <Filter>Shader Files\Advanced</Filter>
    </None>
    <None Include="instancing.frag">
      <Filter>Shader Files\instancing</Filter>
    </None>
    <None Include="instancing\instancing.vs">
      <Filter>Shader Files\instancing</Filter>
    </None>
  </ItemGroup>
</Project>